{
  "name": "assets",
  "lockfileVersion": 3,
  "requires": true,
  "packages": {
    "": {
      "devDependencies": {
        "basecoat-css": "^0.1.2",
        "topbar": "^3.0.0"
      }
    },
    "node_modules/basecoat-css": {
      "version": "0.1.2",
      "resolved": "https://registry.npmjs.org/basecoat-css/-/basecoat-css-0.1.2.tgz",
      "integrity": "sha512-nKlo9u7rLE7POTet5rId1Q8xjzHCqGxqRJxvF6qC7DY3ZgDDtEkLCYQN23Rluk2VMg/HPqWWf4+6rS49rXLzLw==",
      "dev": true,
      "license": "MIT"
    },
    "node_modules/topbar": {
      "version": "3.0.0",
      "resolved": "https://registry.npmjs.org/topbar/-/topbar-3.0.0.tgz",
      "integrity": "sha512-mhczD7KfYi1anfoMPKRdl0wPSWiYc0YOK4KyycYs3EaNT15pVVNDG5CtfgZcEBWIPJEdfR7r8K4hTXDD2ECBVQ==",
      "dev": true,
      "license": "MIT"
    }
  }
}
